
Microsoft Visual Studio Solution File, Format Version 12.00
# Visual Studio 14
VisualStudioVersion = 14.0.25420.1
MinimumVisualStudioVersion = 10.0.40219.1
Project("{FAE04EC0-301F-11D3-BF4B-00C04F79EFBC}") = "ProPublicaCongressAPI", "ProPublicaCongressAPI\ProPublicaCongressAPI.csproj", "{8AD21428-003A-47AB-B165-45564269755D}"
EndProject
Project("{FAE04EC0-301F-11D3-BF4B-00C04F79EFBC}") = "ProPublicaCongressAPI.Contracts", "ProPublicaCongressAPI.Contracts\ProPublicaCongressAPI.Contracts.csproj", "{79404BA6-C94D-476F-9E2F-A965B34C180A}"
EndProject
Global
	GlobalSection(SolutionConfigurationPlatforms) = preSolution
		Debug|Any CPU = Debug|Any CPU
		Release|Any CPU = Release|Any CPU
	EndGlobalSection
	GlobalSection(ProjectConfigurationPlatforms) = postSolution
		{8AD21428-003A-47AB-B165-45564269755D}.Debug|Any CPU.ActiveCfg = Debug|Any CPU
		{8AD21428-003A-47AB-B165-45564269755D}.Debug|Any CPU.Build.0 = Debug|Any CPU
		{8AD21428-003A-47AB-B165-45564269755D}.Release|Any CPU.ActiveCfg = Release|Any CPU
		{8AD21428-003A-47AB-B165-45564269755D}.Release|Any CPU.Build.0 = Release|Any CPU
		{79404BA6-C94D-476F-9E2F-A965B34C180A}.Debug|Any CPU.ActiveCfg = Debug|Any CPU
		{79404BA6-C94D-476F-9E2F-A965B34C180A}.Debug|Any CPU.Build.0 = Debug|Any CPU
		{79404BA6-C94D-476F-9E2F-A965B34C180A}.Release|Any CPU.ActiveCfg = Release|Any CPU
		{79404BA6-C94D-476F-9E2F-A965B34C180A}.Release|Any CPU.Build.0 = Release|Any CPU
	EndGlobalSection
	GlobalSection(SolutionProperties) = preSolution
		HideSolutionNode = FALSE
	EndGlobalSection
EndGlobal
